{
  "name": "aerial-local",
  "version": "0.5.0",
  "lockfileVersion": 3,
  "requires": true,
  "packages": {
    "": {
      "name": "aerial-local",
      "version": "0.5.0",
      "cpu": [
        "x64"
      ],
      "license": "MIT",
      "os": [
        "win32"
      ],
      "bin": {
        "aerial": "bin/aerial.js"
      },
      "engines": {
        "node": ">=18"
      }
    }
  }
}
